
Microsoft Visual Studio Solution File, Format Version 12.00
# Visual Studio Version 16
VisualStudioVersion = 16.0.30804.86
MinimumVisualStudioVersion = 10.0.40219.1
Project("{9A19103F-16F7-4668-BE54-9A1E7A4F7556}") = "DataBaseEntityFramework", "DataBaseEntityFramework\DataBaseEntityFramework.csproj", "{0D5DE412-BC88-4081-99C0-854FDCE0AF39}"
EndProject
Project("{9A19103F-16F7-4668-BE54-9A1E7A4F7556}") = "OuterReadOnlyDatabase", "OuterReadOnlyDatabase\OuterReadOnlyDatabase.csproj", "{90A4CB5C-214A-49B2-9CA2-5F7A17805D87}"
EndProject
Project("{FAE04EC0-301F-11D3-BF4B-00C04F79EFBC}") = "ServerHttpPlatform", "ServerHttpPlatform\ServerHttpPlatform.csproj", "{9948C77A-7A6D-4A40-8416-A38CDDE7BB4E}"
EndProject
Global
	GlobalSection(SolutionConfigurationPlatforms) = preSolution
		Debug|Any CPU = Debug|Any CPU
		Release|Any CPU = Release|Any CPU
	EndGlobalSection
	GlobalSection(ProjectConfigurationPlatforms) = postSolution
		{0D5DE412-BC88-4081-99C0-854FDCE0AF39}.Debug|Any CPU.ActiveCfg = Debug|Any CPU
		{0D5DE412-BC88-4081-99C0-854FDCE0AF39}.Debug|Any CPU.Build.0 = Debug|Any CPU
		{0D5DE412-BC88-4081-99C0-854FDCE0AF39}.Release|Any CPU.ActiveCfg = Release|Any CPU
		{0D5DE412-BC88-4081-99C0-854FDCE0AF39}.Release|Any CPU.Build.0 = Release|Any CPU
		{90A4CB5C-214A-49B2-9CA2-5F7A17805D87}.Debug|Any CPU.ActiveCfg = Debug|Any CPU
		{90A4CB5C-214A-49B2-9CA2-5F7A17805D87}.Debug|Any CPU.Build.0 = Debug|Any CPU
		{90A4CB5C-214A-49B2-9CA2-5F7A17805D87}.Release|Any CPU.ActiveCfg = Release|Any CPU
		{90A4CB5C-214A-49B2-9CA2-5F7A17805D87}.Release|Any CPU.Build.0 = Release|Any CPU
		{9948C77A-7A6D-4A40-8416-A38CDDE7BB4E}.Debug|Any CPU.ActiveCfg = Debug|Any CPU
		{9948C77A-7A6D-4A40-8416-A38CDDE7BB4E}.Debug|Any CPU.Build.0 = Debug|Any CPU
		{9948C77A-7A6D-4A40-8416-A38CDDE7BB4E}.Release|Any CPU.ActiveCfg = Release|Any CPU
		{9948C77A-7A6D-4A40-8416-A38CDDE7BB4E}.Release|Any CPU.Build.0 = Release|Any CPU
	EndGlobalSection
	GlobalSection(SolutionProperties) = preSolution
		HideSolutionNode = FALSE
	EndGlobalSection
	GlobalSection(ExtensibilityGlobals) = postSolution
		SolutionGuid = {289B620A-12E5-42E3-86D9-07A3BF934414}
	EndGlobalSection
EndGlobal
